// !$*UTF8*$!
{
	archiveVersion = 1;
	classes = {
	};
	objectVersion = 46;
	objects = {

/* Begin PBXBuildFile section */
		B476EB041BDFB1BE00D0448A /* AppDelegate.swift in Sources */ = {isa = PBXBuildFile; fileRef = B476EB031BDFB1BE00D0448A /* AppDelegate.swift */; };
		B476EB061BDFB1BE00D0448A /* ViewController.swift in Sources */ = {isa = PBXBuildFile; fileRef = B476EB051BDFB1BE00D0448A /* ViewController.swift */; };
		B476EB091BDFB1BE00D0448A /* Main.storyboard in Resources */ = {isa = PBXBuildFile; fileRef = B476EB071BDFB1BE00D0448A /* Main.storyboard */; };
		B476EB0B1BDFB1BE00D0448A /* Images.xcassets in Resources */ = {isa = PBXBuildFile; fileRef = B476EB0A1BDFB1BE00D0448A /* Images.xcassets */; };
		B476EB0E1BDFB1BE00D0448A /* LaunchScreen.xib in Resources */ = {isa = PBXBuildFile; fileRef = B476EB0C1BDFB1BE00D0448A /* LaunchScreen.xib */; };
		B476EB1A1BDFB1BE00D0448A /* __Tests.swift in Sources */ = {isa = PBXBuildFile; fileRef = B476EB191BDFB1BE00D0448A /* __Tests.swift */; };
/* End PBXBuildFile section */

/* Begin PBXContainerItemProxy section */
		B476EB141BDFB1BE00D0448A /* PBXContainerItemProxy */ = {
			isa = PBXContainerItemProxy;
			containerPortal = B476EAF61BDFB1BE00D0448A /* Project object */;
			proxyType = 1;
			remoteGlobalIDString = B476EAFD1BDFB1BE00D0448A;
			remoteInfo = "测试";
		};
/* End PBXContainerItemProxy section */

/* Begin PBXFileReference section */
		B476EAFE1BDFB1BE00D0448A /* 测试.app */ = {isa = PBXFileReference; explicitFileType = wrapper.application; includeInIndex = 0; path = "测试.app"; sourceTree = BUILT_PRODUCTS_DIR; };
		B476EB021BDFB1BE00D0448A /* Info.plist */ = {isa = PBXFileReference; lastKnownFileType = text.plist.xml; path = Info.plist; sourceTree = "<group>"; };
		B476EB031BDFB1BE00D0448A /* AppDelegate.swift */ = {isa = PBXFileReference; lastKnownFileType = sourcecode.swift; path = AppDelegate.swift; sourceTree = "<group>"; };
		B476EB051BDFB1BE00D0448A /* ViewController.swift */ = {isa = PBXFileReference; lastKnownFileType = sourcecode.swift; path = ViewController.swift; sourceTree = "<group>"; };
		B476EB081BDFB1BE00D0448A /* Base */ = {isa = PBXFileReference; lastKnownFileType = file.storyboard; name = Base; path = Base.lproj/Main.storyboard; sourceTree = "<group>"; };
		B476EB0A1BDFB1BE00D0448A /* Images.xcassets */ = {isa = PBXFileReference; lastKnownFileType = folder.assetcatalog; path = Images.xcassets; sourceTree = "<group>"; };
		B476EB0D1BDFB1BE00D0448A /* Base */ = {isa = PBXFileReference; lastKnownFileType = file.xib; name = Base; path = Base.lproj/LaunchScreen.xib; sourceTree = "<group>"; };
		B476EB131BDFB1BE00D0448A /* 测试Tests.xctest */ = {isa = PBXFileReference; explicitFileType = wrapper.cfbundle; includeInIndex = 0; path = "测试Tests.xctest"; sourceTree = BUILT_PRODUCTS_DIR; };
		B476EB181BDFB1BE00D0448A /* Info.plist */ = {isa = PBXFileReference; lastKnownFileType = text.plist.xml; path = Info.plist; sourceTree = "<group>"; };
		B476EB191BDFB1BE00D0448A /* __Tests.swift */ = {isa = PBXFileReference; lastKnownFileType = sourcecode.swift; path = __Tests.swift; sourceTree = "<group>"; };
/* End PBXFileReference section */

/* Begin PBXFrameworksBuildPhase section */
		B476EAFB1BDFB1BE00D0448A /* Frameworks */ = {
			isa = PBXFrameworksBuildPhase;
			buildActionMask = 2147483647;
			files = (
			);
			runOnlyForDeploymentPostprocessing = 0;
		};
		B476EB101BDFB1BE00D0448A /* Frameworks */ = {
			isa = PBXFrameworksBuildPhase;
			buildActionMask = 2147483647;
			files = (
			);
			runOnlyForDeploymentPostprocessing = 0;
		};
/* End PBXFrameworksBuildPhase section */

/* Begin PBXGroup section */
		B476EAF51BDFB1BE00D0448A = {
			isa = PBXGroup;
			children = (
				B476EB001BDFB1BE00D0448A /* 测试 */,
				B476EB161BDFB1BE00D0448A /* 测试Tests */,
				B476EAFF1BDFB1BE00D0448A /* Products */,
			);
			sourceTree = "<group>";
		};
		B476EAFF1BDFB1BE00D0448A /* Products */ = {
			isa = PBXGroup;
			children = (
				B476EAFE1BDFB1BE00D0448A /* 测试.app */,
				B476EB131BDFB1BE00D0448A /* 测试Tests.xctest */,
			);
			name = Products;
			sourceTree = "<group>";
		};
		B476EB001BDFB1BE00D0448A /* 测试 */ = {
			isa = PBXGroup;
			children = (
				B476EB031BDFB1BE00D0448A /* AppDelegate.swift */,
				B476EB051BDFB1BE00D0448A /* ViewController.swift */,
				B476EB071BDFB1BE00D0448A /* Main.storyboard */,
				B476EB0A1BDFB1BE00D0448A /* Images.xcassets */,
				B476EB0C1BDFB1BE00D0448A /* LaunchScreen.xib */,
				B476EB011BDFB1BE00D0448A /* Supporting Files */,
			);
			path = "测试";
			sourceTree = "<group>";
		};
		B476EB011BDFB1BE00D0448A /* Supporting Files */ = {
			isa = PBXGroup;
			children = (
				B476EB021BDFB1BE00D0448A /* Info.plist */,
			);
			name = "Supporting Files";
			sourceTree = "<group>";
		};
		B476EB161BDFB1BE00D0448A /* 测试Tests */ = {
			isa = PBXGroup;
			children = (
				B476EB191BDFB1BE00D0448A /* __Tests.swift */,
				B476EB171BDFB1BE00D0448A /* Supporting Files */,
			);
			path = "测试Tests";
			sourceTree = "<group>";
		};
		B476EB171BDFB1BE00D0448A /* Supporting Files */ = {
			isa = PBXGroup;
			children = (
				B476EB181BDFB1BE00D0448A /* Info.plist */,
			);
			name = "Supporting Files";
			sourceTree = "<group>";
		};
/* End PBXGroup section */

/* Begin PBXNativeTarget section */
		B476EAFD1BDFB1BE00D0448A /* 测试 */ = {
			isa = PBXNativeTarget;
			buildConfigurationList = B476EB1D1BDFB1BE00D0448A /* Build configuration list for PBXNativeTarget "测试" */;
			buildPhases = (
				B476EAFA1BDFB1BE00D0448A /* Sources */,
				B476EAFB1BDFB1BE00D0448A /* Frameworks */,
				B476EAFC1BDFB1BE00D0448A /* Resources */,
			);
			buildRules = (
			);
			dependencies = (
			);
			name = "测试";
			productName = "测试";
			productReference = B476EAFE1BDFB1BE00D0448A /* 测试.app */;
			productType = "com.apple.product-type.application";
		};
		B476EB121BDFB1BE00D0448A /* 测试Tests */ = {
			isa = PBXNativeTarget;
			buildConfigurationList = B476EB201BDFB1BE00D0448A /* Build configuration list for PBXNativeTarget "测试Tests" */;
			buildPhases = (
				B476EB0F1BDFB1BE00D0448A /* Sources */,
				B476EB101BDFB1BE00D0448A /* Frameworks */,
				B476EB111BDFB1BE00D0448A /* Resources */,
			);
			buildRules = (
			);
			dependencies = (
				B476EB151BDFB1BE00D0448A /* PBXTargetDependency */,
			);
			name = "测试Tests";
			productName = "测试Tests";
			productReference = B476EB131BDFB1BE00D0448A /* 测试Tests.xctest */;
			productType = "com.apple.product-type.bundle.unit-test";
		};
/* End PBXNativeTarget section */

/* Begin PBXProject section */
		B476EAF61BDFB1BE00D0448A /* Project object */ = {
			isa = PBXProject;
			attributes = {
				LastUpgradeCheck = 0610;
				ORGANIZATIONNAME = "蓝之青";
				TargetAttributes = {
					B476EAFD1BDFB1BE00D0448A = {
						CreatedOnToolsVersion = 6.1;
					};
					B476EB121BDFB1BE00D0448A = {
						CreatedOnToolsVersion = 6.1;
						TestTargetID = B476EAFD1BDFB1BE00D0448A;
					};
				};
			};
			buildConfigurationList = B476EAF91BDFB1BE00D0448A /* Build configuration list for PBXProject "测试" */;
			compatibilityVersion = "Xcode 3.2";
			developmentRegion = English;
			hasScannedForEncodings = 0;
			knownRegions = (
				en,
				Base,
			);
			mainGroup = B476EAF51BDFB1BE00D0448A;
			productRefGroup = B476EAFF1BDFB1BE00D0448A /* Products */;
			projectDirPath = "";
			projectRoot = "";
			targets = (
				B476EAFD1BDFB1BE00D0448A /* 测试 */,
				B476EB121BDFB1BE00D0448A /* 测试Tests */,
			);
		};
/* End PBXProject section */

/* Begin PBXResourcesBuildPhase section */
		B476EAFC1BDFB1BE00D0448A /* Resources */ = {
			isa = PBXResourcesBuildPhase;
			buildActionMask = 2147483647;
			files = (
				B476EB091BDFB1BE00D0448A /* Main.storyboard in Resources */,
				B476EB0E1BDFB1BE00D0448A /* LaunchScreen.xib in Resources */,
				B476EB0B1BDFB1BE00D0448A /* Images.xcassets in Resources */,
			);
			runOnlyForDeploymentPostprocessing = 0;
		};
		B476EB111BDFB1BE00D0448A /* Resources */ = {
			isa = PBXResourcesBuildPhase;
			buildActionMask = 2147483647;
			files = (
			);
			runOnlyForDeploymentPostprocessing = 0;
		};
/* End PBXResourcesBuildPhase section */

/* Begin PBXSourcesBuildPhase section */
		B476EAFA1BDFB1BE00D0448A /* Sources */ = {
			isa = PBXSourcesBuildPhase;
			buildActionMask = 2147483647;
			files = (
				B476EB061BDFB1BE00D0448A /* ViewController.swift in Sources */,
				B476EB041BDFB1BE00D0448A /* AppDelegate.swift in Sources */,
			);
			runOnlyForDeploymentPostprocessing = 0;
		};
		B476EB0F1BDFB1BE00D0448A /* Sources */ = {
			isa = PBXSourcesBuildPhase;
			buildActionMask = 2147483647;
			files = (
				B476EB1A1BDFB1BE00D0448A /* __Tests.swift in Sources */,
			);
			runOnlyForDeploymentPostprocessing = 0;
		};
/* End PBXSourcesBuildPhase section */

/* Begin PBXTargetDependency section */
		B476EB151BDFB1BE00D0448A /* PBXTargetDependency */ = {
			isa = PBXTargetDependency;
			target = B476EAFD1BDFB1BE00D0448A /* 测试 */;
			targetProxy = B476EB141BDFB1BE00D0448A /* PBXContainerItemProxy */;
		};
/* End PBXTargetDependency section */

/* Begin PBXVariantGroup section */
		B476EB071BDFB1BE00D0448A /* Main.storyboard */ = {
			isa = PBXVariantGroup;
			children = (
				B476EB081BDFB1BE00D0448A /* Base */,
			);
			name = Main.storyboard;
			sourceTree = "<group>";
		};
		B476EB0C1BDFB1BE00D0448A /* LaunchScreen.xib */ = {
			isa = PBXVariantGroup;
			children = (
				B476EB0D1BDFB1BE00D0448A /* Base */,
			);
			name = LaunchScreen.xib;
			sourceTree = "<group>";
		};
/* End PBXVariantGroup section */

/* Begin XCBuildConfiguration section */
		B476EB1B1BDFB1BE00D0448A /* Debug */ = {
			isa = XCBuildConfiguration;
			buildSettings = {
				ALWAYS_SEARCH_USER_PATHS = NO;
				CLANG_CXX_LANGUAGE_STANDARD = "gnu++0x";
				CLANG_CXX_LIBRARY = "libc++";
				CLANG_ENABLE_MODULES = YES;
				CLANG_ENABLE_OBJC_ARC = YES;
				CLANG_WARN_BOOL_CONVERSION = YES;
				CLANG_WARN_CONSTANT_CONVERSION = YES;
				CLANG_WARN_DIRECT_OBJC_ISA_USAGE = YES_ERROR;
				CLANG_WARN_EMPTY_BODY = YES;
				CLANG_WARN_ENUM_CONVERSION = YES;
				CLANG_WARN_INT_CONVERSION = YES;
				CLANG_WARN_OBJC_ROOT_CLASS = YES_ERROR;
				CLANG_WARN_UNREACHABLE_CODE = YES;
				CLANG_WARN__DUPLICATE_METHOD_MATCH = YES;
				"CODE_SIGN_IDENTITY[sdk=iphoneos*]" = "iPhone Developer";
				COPY_PHASE_STRIP = NO;
				ENABLE_STRICT_OBJC_MSGSEND = YES;
				GCC_C_LANGUAGE_STANDARD = gnu99;
				GCC_DYNAMIC_NO_PIC = NO;
				GCC_OPTIMIZATION_LEVEL = 0;
				GCC_PREPROCESSOR_DEFINITIONS = (
					"DEBUG=1",
					"$(inherited)",
				);
				GCC_SYMBOLS_PRIVATE_EXTERN = NO;
				GCC_WARN_64_TO_32_BIT_CONVERSION = YES;
				GCC_WARN_ABOUT_RETURN_TYPE = YES_ERROR;
				GCC_WARN_UNDECLARED_SELECTOR = YES;
				GCC_WARN_UNINITIALIZED_AUTOS = YES_AGGRESSIVE;
				GCC_WARN_UNUSED_FUNCTION = YES;
				GCC_WARN_UNUSED_VARIABLE = YES;
				IPHONEOS_DEPLOYMENT_TARGET = 8.1;
				MTL_ENABLE_DEBUG_INFO = YES;
				ONLY_ACTIVE_ARCH = YES;
				SDKROOT = iphoneos;
				SWIFT_OPTIMIZATION_LEVEL = "-Onone";
			};
			name = Debug;
		};
		B476EB1C1BDFB1BE00D0448A /* Release */ = {
			isa = XCBuildConfiguration;
			buildSettings = {
				ALWAYS_SEARCH_USER_PATHS = NO;
				CLANG_CXX_LANGUAGE_STANDARD = "gnu++0x";
				CLANG_CXX_LIBRARY = "libc++";
				CLANG_ENABLE_MODULES = YES;
				CLANG_ENABLE_OBJC_ARC = YES;
				CLANG_WARN_BOOL_CONVERSION = YES;
				CLANG_WARN_CONSTANT_CONVERSION = YES;
				CLANG_WARN_DIRECT_OBJC_ISA_USAGE = YES_ERROR;
				CLANG_WARN_EMPTY_BODY = YES;
				CLANG_WARN_ENUM_CONVERSION = YES;
				CLANG_WARN_INT_CONVERSION = YES;
				CLANG_WARN_OBJC_ROOT_CLASS = YES_ERROR;
				CLANG_WARN_UNREACHABLE_CODE = YES;
				CLANG_WARN__DUPLICATE_METHOD_MATCH = YES;
				"CODE_SIGN_IDENTITY[sdk=iphoneos*]" = "iPhone Developer";
				COPY_PHASE_STRIP = YES;
				ENABLE_NS_ASSERTIONS = NO;
				ENABLE_STRICT_OBJC_MSGSEND = YES;
				GCC_C_LANGUAGE_STANDARD = gnu99;
				GCC_WARN_64_TO_32_BIT_CONVERSION = YES;
				GCC_WARN_ABOUT_RETURN_TYPE = YES_ERROR;
				GCC_WARN_UNDECLARED_SELECTOR = YES;
				GCC_WARN_UNINITIALIZED_AUTOS = YES_AGGRESSIVE;
				GCC_WARN_UNUSED_FUNCTION = YES;
				GCC_WARN_UNUSED_VARIABLE = YES;
				IPHONEOS_DEPLOYMENT_TARGET = 8.1;
				MTL_ENABLE_DEBUG_INFO = NO;
				SDKROOT = iphoneos;
				VALIDATE_PRODUCT = YES;
			};
			name = Release;
		};
		B476EB1E1BDFB1BE00D0448A /* Debug */ = {
			isa = XCBuildConfiguration;
			buildSettings = {
				ASSETCATALOG_COMPILER_APPICON_NAME = AppIcon;
				INFOPLIST_FILE = "测试/Info.plist";
				LD_RUNPATH_SEARCH_PATHS = "$(inherited) @executable_path/Frameworks";
				PRODUCT_NAME = "$(TARGET_NAME)";
			};
			name = Debug;
		};
		B476EB1F1BDFB1BE00D0448A /* Release */ = {
			isa = XCBuildConfiguration;
			buildSettings = {
				ASSETCATALOG_COMPILER_APPICON_NAME = AppIcon;
				INFOPLIST_FILE = "测试/Info.plist";
				LD_RUNPATH_SEARCH_PATHS = "$(inherited) @executable_path/Frameworks";
				PRODUCT_NAME = "$(TARGET_NAME)";
			};
			name = Release;
		};
		B476EB211BDFB1BE00D0448A /* Debug */ = {
			isa = XCBuildConfiguration;
			buildSettings = {
				BUNDLE_LOADER = "$(TEST_HOST)";
				FRAMEWORK_SEARCH_PATHS = (
					"$(SDKROOT)/Developer/Library/Frameworks",
					"$(inherited)",
				);
				GCC_PREPROCESSOR_DEFINITIONS = (
					"DEBUG=1",
					"$(inherited)",
				);
				INFOPLIST_FILE = "测试Tests/Info.plist";
				LD_RUNPATH_SEARCH_PATHS = "$(inherited) @executable_path/Frameworks @loader_path/Frameworks";
				PRODUCT_NAME = "$(TARGET_NAME)";
				TEST_HOST = "$(BUILT_PRODUCTS_DIR)/测试.app/测试";
			};
			name = Debug;
		};
		B476EB221BDFB1BE00D0448A /* Release */ = {
			isa = XCBuildConfiguration;
			buildSettings = {
				BUNDLE_LOADER = "$(TEST_HOST)";
				FRAMEWORK_SEARCH_PATHS = (
					"$(SDKROOT)/Developer/Library/Frameworks",
					"$(inherited)",
				);
				INFOPLIST_FILE = "测试Tests/Info.plist";
				LD_RUNPATH_SEARCH_PATHS = "$(inherited) @executable_path/Frameworks @loader_path/Frameworks";
				PRODUCT_NAME = "$(TARGET_NAME)";
				TEST_HOST = "$(BUILT_PRODUCTS_DIR)/测试.app/测试";
			};
			name = Release;
		};
/* End XCBuildConfiguration section */

/* Begin XCConfigurationList section */
		B476EAF91BDFB1BE00D0448A /* Build configuration list for PBXProject "测试" */ = {
			isa = XCConfigurationList;
			buildConfigurations = (
				B476EB1B1BDFB1BE00D0448A /* Debug */,
				B476EB1C1BDFB1BE00D0448A /* Release */,
			);
			defaultConfigurationIsVisible = 0;
			defaultConfigurationName = Release;
		};
		B476EB1D1BDFB1BE00D0448A /* Build configuration list for PBXNativeTarget "测试" */ = {
			isa = XCConfigurationList;
			buildConfigurations = (
				B476EB1E1BDFB1BE00D0448A /* Debug */,
				B476EB1F1BDFB1BE00D0448A /* Release */,
			);
			defaultConfigurationIsVisible = 0;
		};
		B476EB201BDFB1BE00D0448A /* Build configuration list for PBXNativeTarget "测试Tests" */ = {
			isa = XCConfigurationList;
			buildConfigurations = (
				B476EB211BDFB1BE00D0448A /* Debug */,
				B476EB221BDFB1BE00D0448A /* Release */,
			);
			defaultConfigurationIsVisible = 0;
		};
/* End XCConfigurationList section */
	};
	rootObject = B476EAF61BDFB1BE00D0448A /* Project object */;
}
